
Microsoft Visual Studio Solution File, Format Version 12.00
# Visual Studio 15
Project("{FAE04EC0-301F-11D3-BF4B-00C04F79EFBC}") = "game-project", "game-project.csproj", "{03E4B326-5691-8E01-3957-FD0DBE1F2296}"
EndProject
Global
	GlobalSection(SolutionConfigurationPlatforms) = preSolution
		Debug|Any CPU = Debug|Any CPU
		Release|Any CPU = Release|Any CPU
	EndGlobalSection
	GlobalSection(ProjectConfigurationPlatforms) = postSolution
		{03E4B326-5691-8E01-3957-FD0DBE1F2296}.Debug|Any CPU.ActiveCfg = Debug|Any CPU
		{03E4B326-5691-8E01-3957-FD0DBE1F2296}.Debug|Any CPU.Build.0 = Debug|Any CPU
		{03E4B326-5691-8E01-3957-FD0DBE1F2296}.Release|Any CPU.ActiveCfg = Release|Any CPU
		{03E4B326-5691-8E01-3957-FD0DBE1F2296}.Release|Any CPU.Build.0 = Release|Any CPU
	EndGlobalSection
	GlobalSection(SolutionProperties) = preSolution
		HideSolutionNode = FALSE
	EndGlobalSection
EndGlobal
